
Microsoft Visual Studio Solution File, Format Version 12.00
# Visual Studio Version 16
VisualStudioVersion = 16.0.29926.136
MinimumVisualStudioVersion = 10.0.40219.1
Project("{FAE04EC0-301F-11D3-BF4B-00C04F79EFBC}") = "WinFormControl", "WinForm\WinFormControl.csproj", "{732F9596-DE23-46DC-A36D-5A5684CCDCBD}"
EndProject
Global
	GlobalSection(SolutionConfigurationPlatforms) = preSolution
		Debug|Any CPU = Debug|Any CPU
		Release|Any CPU = Release|Any CPU
	EndGlobalSection
	GlobalSection(ProjectConfigurationPlatforms) = postSolution
		{732F9596-DE23-46DC-A36D-5A5684CCDCBD}.Debug|Any CPU.ActiveCfg = Debug|Any CPU
		{732F9596-DE23-46DC-A36D-5A5684CCDCBD}.Debug|Any CPU.Build.0 = Debug|Any CPU
		{732F9596-DE23-46DC-A36D-5A5684CCDCBD}.Release|Any CPU.ActiveCfg = Release|Any CPU
		{732F9596-DE23-46DC-A36D-5A5684CCDCBD}.Release|Any CPU.Build.0 = Release|Any CPU
	EndGlobalSection
	GlobalSection(SolutionProperties) = preSolution
		HideSolutionNode = FALSE
	EndGlobalSection
	GlobalSection(ExtensibilityGlobals) = postSolution
		SolutionGuid = {C603356C-9B62-4511-85A0-27D5CF5DCE5C}
	EndGlobalSection
EndGlobal
